
Microsoft Visual Studio Solution File, Format Version 12.00
# Visual Studio Version 17
VisualStudioVersion = 17.3.32804.467
MinimumVisualStudioVersion = 10.0.40219.1
Project("{FAE04EC0-301F-11D3-BF4B-00C04F79EFBC}") = "Online_Canteen_Management_system", "Online_Canteen_Management_system\Online_Canteen_Management_system.csproj", "{CF8681FF-6B23-4167-BA73-226F292364E5}"
EndProject
Global
	GlobalSection(SolutionConfigurationPlatforms) = preSolution
		Debug|Any CPU = Debug|Any CPU
		Release|Any CPU = Release|Any CPU
	EndGlobalSection
	GlobalSection(ProjectConfigurationPlatforms) = postSolution
		{CF8681FF-6B23-4167-BA73-226F292364E5}.Debug|Any CPU.ActiveCfg = Debug|Any CPU
		{CF8681FF-6B23-4167-BA73-226F292364E5}.Debug|Any CPU.Build.0 = Debug|Any CPU
		{CF8681FF-6B23-4167-BA73-226F292364E5}.Release|Any CPU.ActiveCfg = Release|Any CPU
		{CF8681FF-6B23-4167-BA73-226F292364E5}.Release|Any CPU.Build.0 = Release|Any CPU
	EndGlobalSection
	GlobalSection(SolutionProperties) = preSolution
		HideSolutionNode = FALSE
	EndGlobalSection
	GlobalSection(ExtensibilityGlobals) = postSolution
		SolutionGuid = {E3D07E7A-F34D-41C9-B5D5-3CC56190454C}
	EndGlobalSection
EndGlobal
